// !$*UTF8*$!
{
	archiveVersion = 1;
	classes = {
	};
	objectVersion = 55;
	objects = {

/* Begin PBXBuildFile section */
		21EE5BE027E1B7C2006DEFE9 /* AppDelegate.m in Sources */ = {isa = PBXBuildFile; fileRef = 21EE5BDF27E1B7C2006DEFE9 /* AppDelegate.m */; };
		21EE5BE327E1B7C2006DEFE9 /* SceneDelegate.m in Sources */ = {isa = PBXBuildFile; fileRef = 21EE5BE227E1B7C2006DEFE9 /* SceneDelegate.m */; };
		21EE5BE627E1B7C2006DEFE9 /* ViewController.m in Sources */ = {isa = PBXBuildFile; fileRef = 21EE5BE527E1B7C2006DEFE9 /* ViewController.m */; };
		21EE5BE927E1B7C2006DEFE9 /* Main.storyboard in Resources */ = {isa = PBXBuildFile; fileRef = 21EE5BE727E1B7C2006DEFE9 /* Main.storyboard */; };
		21EE5BEB27E1B7C3006DEFE9 /* Assets.xcassets in Resources */ = {isa = PBXBuildFile; fileRef = 21EE5BEA27E1B7C3006DEFE9 /* Assets.xcassets */; };
		21EE5BEE27E1B7C3006DEFE9 /* LaunchScreen.storyboard in Resources */ = {isa = PBXBuildFile; fileRef = 21EE5BEC27E1B7C3006DEFE9 /* LaunchScreen.storyboard */; };
		21EE5BF127E1B7C3006DEFE9 /* main.m in Sources */ = {isa = PBXBuildFile; fileRef = 21EE5BF027E1B7C3006DEFE9 /* main.m */; };
/* End PBXBuildFile section */

/* Begin PBXFileReference section */
		21EE5BDB27E1B7C2006DEFE9 /* GrxOperationQueue.app */ = {isa = PBXFileReference; explicitFileType = wrapper.application; includeInIndex = 0; path = GrxOperationQueue.app; sourceTree = BUILT_PRODUCTS_DIR; };
		21EE5BDE27E1B7C2006DEFE9 /* AppDelegate.h */ = {isa = PBXFileReference; lastKnownFileType = sourcecode.c.h; path = AppDelegate.h; sourceTree = "<group>"; };
		21EE5BDF27E1B7C2006DEFE9 /* AppDelegate.m */ = {isa = PBXFileReference; lastKnownFileType = sourcecode.c.objc; path = AppDelegate.m; sourceTree = "<group>"; };
		21EE5BE127E1B7C2006DEFE9 /* SceneDelegate.h */ = {isa = PBXFileReference; lastKnownFileType = sourcecode.c.h; path = SceneDelegate.h; sourceTree = "<group>"; };
		21EE5BE227E1B7C2006DEFE9 /* SceneDelegate.m */ = {isa = PBXFileReference; lastKnownFileType = sourcecode.c.objc; path = SceneDelegate.m; sourceTree = "<group>"; };
		21EE5BE427E1B7C2006DEFE9 /* ViewController.h */ = {isa = PBXFileReference; lastKnownFileType = sourcecode.c.h; path = ViewController.h; sourceTree = "<group>"; };
		21EE5BE527E1B7C2006DEFE9 /* ViewController.m */ = {isa = PBXFileReference; lastKnownFileType = sourcecode.c.objc; path = ViewController.m; sourceTree = "<group>"; };
		21EE5BE827E1B7C2006DEFE9 /* Base */ = {isa = PBXFileReference; lastKnownFileType = file.storyboard; name = Base; path = Base.lproj/Main.storyboard; sourceTree = "<group>"; };
		21EE5BEA27E1B7C3006DEFE9 /* Assets.xcassets */ = {isa = PBXFileReference; lastKnownFileType = folder.assetcatalog; path = Assets.xcassets; sourceTree = "<group>"; };
		21EE5BED27E1B7C3006DEFE9 /* Base */ = {isa = PBXFileReference; lastKnownFileType = file.storyboard; name = Base; path = Base.lproj/LaunchScreen.storyboard; sourceTree = "<group>"; };
		21EE5BEF27E1B7C3006DEFE9 /* Info.plist */ = {isa = PBXFileReference; lastKnownFileType = text.plist.xml; path = Info.plist; sourceTree = "<group>"; };
		21EE5BF027E1B7C3006DEFE9 /* main.m */ = {isa = PBXFileReference; lastKnownFileType = sourcecode.c.objc; path = main.m; sourceTree = "<group>"; };
/* End PBXFileReference section */

/* Begin PBXFrameworksBuildPhase section */
		21EE5BD827E1B7C2006DEFE9 /* Frameworks */ = {
			isa = PBXFrameworksBuildPhase;
			buildActionMask = 2147483647;
			files = (
			);
			runOnlyForDeploymentPostprocessing = 0;
		};
/* End PBXFrameworksBuildPhase section */

/* Begin PBXGroup section */
		21EE5BD227E1B7C2006DEFE9 = {
			isa = PBXGroup;
			children = (
				21EE5BDD27E1B7C2006DEFE9 /* GrxOperationQueue */,
				21EE5BDC27E1B7C2006DEFE9 /* Products */,
			);
			sourceTree = "<group>";
		};
		21EE5BDC27E1B7C2006DEFE9 /* Products */ = {
			isa = PBXGroup;
			children = (
				21EE5BDB27E1B7C2006DEFE9 /* GrxOperationQueue.app */,
			);
			name = Products;
			sourceTree = "<group>";
		};
		21EE5BDD27E1B7C2006DEFE9 /* GrxOperationQueue */ = {
			isa = PBXGroup;
			children = (
				21EE5BDE27E1B7C2006DEFE9 /* AppDelegate.h */,
				21EE5BDF27E1B7C2006DEFE9 /* AppDelegate.m */,
				21EE5BE127E1B7C2006DEFE9 /* SceneDelegate.h */,
				21EE5BE227E1B7C2006DEFE9 /* SceneDelegate.m */,
				21EE5BE427E1B7C2006DEFE9 /* ViewController.h */,
				21EE5BE527E1B7C2006DEFE9 /* ViewController.m */,
				21EE5BE727E1B7C2006DEFE9 /* Main.storyboard */,
				21EE5BEA27E1B7C3006DEFE9 /* Assets.xcassets */,
				21EE5BEC27E1B7C3006DEFE9 /* LaunchScreen.storyboard */,
				21EE5BEF27E1B7C3006DEFE9 /* Info.plist */,
				21EE5BF027E1B7C3006DEFE9 /* main.m */,
			);
			path = GrxOperationQueue;
			sourceTree = "<group>";
		};
/* End PBXGroup section */

/* Begin PBXNativeTarget section */
		21EE5BDA27E1B7C2006DEFE9 /* GrxOperationQueue */ = {
			isa = PBXNativeTarget;
			buildConfigurationList = 21EE5BF427E1B7C3006DEFE9 /* Build configuration list for PBXNativeTarget "GrxOperationQueue" */;
			buildPhases = (
				21EE5BD727E1B7C2006DEFE9 /* Sources */,
				21EE5BD827E1B7C2006DEFE9 /* Frameworks */,
				21EE5BD927E1B7C2006DEFE9 /* Resources */,
			);
			buildRules = (
			);
			dependencies = (
			);
			name = GrxOperationQueue;
			productName = GrxOperationQueue;
			productReference = 21EE5BDB27E1B7C2006DEFE9 /* GrxOperationQueue.app */;
			productType = "com.apple.product-type.application";
		};
/* End PBXNativeTarget section */

/* Begin PBXProject section */
		21EE5BD327E1B7C2006DEFE9 /* Project object */ = {
			isa = PBXProject;
			attributes = {
				BuildIndependentTargetsInParallel = 1;
				LastUpgradeCheck = 1330;
				TargetAttributes = {
					21EE5BDA27E1B7C2006DEFE9 = {
						CreatedOnToolsVersion = 13.3;
					};
				};
			};
			buildConfigurationList = 21EE5BD627E1B7C2006DEFE9 /* Build configuration list for PBXProject "GrxOperationQueue" */;
			compatibilityVersion = "Xcode 13.0";
			developmentRegion = en;
			hasScannedForEncodings = 0;
			knownRegions = (
				en,
				Base,
			);
			mainGroup = 21EE5BD227E1B7C2006DEFE9;
			productRefGroup = 21EE5BDC27E1B7C2006DEFE9 /* Products */;
			projectDirPath = "";
			projectRoot = "";
			targets = (
				21EE5BDA27E1B7C2006DEFE9 /* GrxOperationQueue */,
			);
		};
/* End PBXProject section */

/* Begin PBXResourcesBuildPhase section */
		21EE5BD927E1B7C2006DEFE9 /* Resources */ = {
			isa = PBXResourcesBuildPhase;
			buildActionMask = 2147483647;
			files = (
				21EE5BEE27E1B7C3006DEFE9 /* LaunchScreen.storyboard in Resources */,
				21EE5BEB27E1B7C3006DEFE9 /* Assets.xcassets in Resources */,
				21EE5BE927E1B7C2006DEFE9 /* Main.storyboard in Resources */,
			);
			runOnlyForDeploymentPostprocessing = 0;
		};
/* End PBXResourcesBuildPhase section */

/* Begin PBXSourcesBuildPhase section */
		21EE5BD727E1B7C2006DEFE9 /* Sources */ = {
			isa = PBXSourcesBuildPhase;
			buildActionMask = 2147483647;
			files = (
				21EE5BE627E1B7C2006DEFE9 /* ViewController.m in Sources */,
				21EE5BE027E1B7C2006DEFE9 /* AppDelegate.m in Sources */,
				21EE5BF127E1B7C3006DEFE9 /* main.m in Sources */,
				21EE5BE327E1B7C2006DEFE9 /* SceneDelegate.m in Sources */,
			);
			runOnlyForDeploymentPostprocessing = 0;
		};
/* End PBXSourcesBuildPhase section */

/* Begin PBXVariantGroup section */
		21EE5BE727E1B7C2006DEFE9 /* Main.storyboard */ = {
			isa = PBXVariantGroup;
			children = (
				21EE5BE827E1B7C2006DEFE9 /* Base */,
			);
			name = Main.storyboard;
			sourceTree = "<group>";
		};
		21EE5BEC27E1B7C3006DEFE9 /* LaunchScreen.storyboard */ = {
			isa = PBXVariantGroup;
			children = (
				21EE5BED27E1B7C3006DEFE9 /* Base */,
			);
			name = LaunchScreen.storyboard;
			sourceTree = "<group>";
		};
/* End PBXVariantGroup section */

/* Begin XCBuildConfiguration section */
		21EE5BF227E1B7C3006DEFE9 /* Debug */ = {
			isa = XCBuildConfiguration;
			buildSettings = {
				ALWAYS_SEARCH_USER_PATHS = NO;
				CLANG_ANALYZER_NONNULL = YES;
				CLANG_ANALYZER_NUMBER_OBJECT_CONVERSION = YES_AGGRESSIVE;
				CLANG_CXX_LANGUAGE_STANDARD = "gnu++17";
				CLANG_ENABLE_MODULES = YES;
				CLANG_ENABLE_OBJC_ARC = YES;
				CLANG_ENABLE_OBJC_WEAK = YES;
				CLANG_WARN_BLOCK_CAPTURE_AUTORELEASING = YES;
				CLANG_WARN_BOOL_CONVERSION = YES;
				CLANG_WARN_COMMA = YES;
				CLANG_WARN_CONSTANT_CONVERSION = YES;
				CLANG_WARN_DEPRECATED_OBJC_IMPLEMENTATIONS = YES;
				CLANG_WARN_DIRECT_OBJC_ISA_USAGE = YES_ERROR;
				CLANG_WARN_DOCUMENTATION_COMMENTS = YES;
				CLANG_WARN_EMPTY_BODY = YES;
				CLANG_WARN_ENUM_CONVERSION = YES;
				CLANG_WARN_INFINITE_RECURSION = YES;
				CLANG_WARN_INT_CONVERSION = YES;
				CLANG_WARN_NON_LITERAL_NULL_CONVERSION = YES;
				CLANG_WARN_OBJC_IMPLICIT_RETAIN_SELF = YES;
				CLANG_WARN_OBJC_LITERAL_CONVERSION = YES;
				CLANG_WARN_OBJC_ROOT_CLASS = YES_ERROR;
				CLANG_WARN_QUOTED_INCLUDE_IN_FRAMEWORK_HEADER = YES;
				CLANG_WARN_RANGE_LOOP_ANALYSIS = YES;
				CLANG_WARN_STRICT_PROTOTYPES = YES;
				CLANG_WARN_SUSPICIOUS_MOVE = YES;
				CLANG_WARN_UNGUARDED_AVAILABILITY = YES_AGGRESSIVE;
				CLANG_WARN_UNREACHABLE_CODE = YES;
				CLANG_WARN__DUPLICATE_METHOD_MATCH = YES;
				COPY_PHASE_STRIP = NO;
				DEBUG_INFORMATION_FORMAT = dwarf;
				ENABLE_STRICT_OBJC_MSGSEND = YES;
				ENABLE_TESTABILITY = YES;
				GCC_C_LANGUAGE_STANDARD = gnu11;
				GCC_DYNAMIC_NO_PIC = NO;
				GCC_NO_COMMON_BLOCKS = YES;
				GCC_OPTIMIZATION_LEVEL = 0;
				GCC_PREPROCESSOR_DEFINITIONS = (
					"DEBUG=1",
					"$(inherited)",
				);
				GCC_WARN_64_TO_32_BIT_CONVERSION = YES;
				GCC_WARN_ABOUT_RETURN_TYPE = YES_ERROR;
				GCC_WARN_UNDECLARED_SELECTOR = YES;
				GCC_WARN_UNINITIALIZED_AUTOS = YES_AGGRESSIVE;
				GCC_WARN_UNUSED_FUNCTION = YES;
				GCC_WARN_UNUSED_VARIABLE = YES;
				IPHONEOS_DEPLOYMENT_TARGET = 15.4;
				MTL_ENABLE_DEBUG_INFO = INCLUDE_SOURCE;
				MTL_FAST_MATH = YES;
				ONLY_ACTIVE_ARCH = YES;
				SDKROOT = iphoneos;
			};
			name = Debug;
		};
		21EE5BF327E1B7C3006DEFE9 /* Release */ = {
			isa = XCBuildConfiguration;
			buildSettings = {
				ALWAYS_SEARCH_USER_PATHS = NO;
				CLANG_ANALYZER_NONNULL = YES;
				CLANG_ANALYZER_NUMBER_OBJECT_CONVERSION = YES_AGGRESSIVE;
				CLANG_CXX_LANGUAGE_STANDARD = "gnu++17";
				CLANG_ENABLE_MODULES = YES;
				CLANG_ENABLE_OBJC_ARC = YES;
				CLANG_ENABLE_OBJC_WEAK = YES;
				CLANG_WARN_BLOCK_CAPTURE_AUTORELEASING = YES;
				CLANG_WARN_BOOL_CONVERSION = YES;
				CLANG_WARN_COMMA = YES;
				CLANG_WARN_CONSTANT_CONVERSION = YES;
				CLANG_WARN_DEPRECATED_OBJC_IMPLEMENTATIONS = YES;
				CLANG_WARN_DIRECT_OBJC_ISA_USAGE = YES_ERROR;
				CLANG_WARN_DOCUMENTATION_COMMENTS = YES;
				CLANG_WARN_EMPTY_BODY = YES;
				CLANG_WARN_ENUM_CONVERSION = YES;
				CLANG_WARN_INFINITE_RECURSION = YES;
				CLANG_WARN_INT_CONVERSION = YES;
				CLANG_WARN_NON_LITERAL_NULL_CONVERSION = YES;
				CLANG_WARN_OBJC_IMPLICIT_RETAIN_SELF = YES;
				CLANG_WARN_OBJC_LITERAL_CONVERSION = YES;
				CLANG_WARN_OBJC_ROOT_CLASS = YES_ERROR;
				CLANG_WARN_QUOTED_INCLUDE_IN_FRAMEWORK_HEADER = YES;
				CLANG_WARN_RANGE_LOOP_ANALYSIS = YES;
				CLANG_WARN_STRICT_PROTOTYPES = YES;
				CLANG_WARN_SUSPICIOUS_MOVE = YES;
				CLANG_WARN_UNGUARDED_AVAILABILITY = YES_AGGRESSIVE;
				CLANG_WARN_UNREACHABLE_CODE = YES;
				CLANG_WARN__DUPLICATE_METHOD_MATCH = YES;
				COPY_PHASE_STRIP = NO;
				DEBUG_INFORMATION_FORMAT = "dwarf-with-dsym";
				ENABLE_NS_ASSERTIONS = NO;
				ENABLE_STRICT_OBJC_MSGSEND = YES;
				GCC_C_LANGUAGE_STANDARD = gnu11;
				GCC_NO_COMMON_BLOCKS = YES;
				GCC_WARN_64_TO_32_BIT_CONVERSION = YES;
				GCC_WARN_ABOUT_RETURN_TYPE = YES_ERROR;
				GCC_WARN_UNDECLARED_SELECTOR = YES;
				GCC_WARN_UNINITIALIZED_AUTOS = YES_AGGRESSIVE;
				GCC_WARN_UNUSED_FUNCTION = YES;
				GCC_WARN_UNUSED_VARIABLE = YES;
				IPHONEOS_DEPLOYMENT_TARGET = 15.4;
				MTL_ENABLE_DEBUG_INFO = NO;
				MTL_FAST_MATH = YES;
				SDKROOT = iphoneos;
				VALIDATE_PRODUCT = YES;
			};
			name = Release;
		};
		21EE5BF527E1B7C3006DEFE9 /* Debug */ = {
			isa = XCBuildConfiguration;
			buildSettings = {
				ASSETCATALOG_COMPILER_APPICON_NAME = AppIcon;
				ASSETCATALOG_COMPILER_GLOBAL_ACCENT_COLOR_NAME = AccentColor;
				CODE_SIGN_STYLE = Automatic;
				CURRENT_PROJECT_VERSION = 1;
				GENERATE_INFOPLIST_FILE = YES;
				INFOPLIST_FILE = GrxOperationQueue/Info.plist;
				INFOPLIST_KEY_UIApplicationSupportsIndirectInputEvents = YES;
				INFOPLIST_KEY_UILaunchStoryboardName = LaunchScreen;
				INFOPLIST_KEY_UIMainStoryboardFile = Main;
				INFOPLIST_KEY_UISupportedInterfaceOrientations_iPad = "UIInterfaceOrientationPortrait UIInterfaceOrientationPortraitUpsideDown UIInterfaceOrientationLandscapeLeft UIInterfaceOrientationLandscapeRight";
				INFOPLIST_KEY_UISupportedInterfaceOrientations_iPhone = "UIInterfaceOrientationPortrait UIInterfaceOrientationLandscapeLeft UIInterfaceOrientationLandscapeRight";
				LD_RUNPATH_SEARCH_PATHS = (
					"$(inherited)",
					"@executable_path/Frameworks",
				);
				MARKETING_VERSION = 1.0;
				PRODUCT_BUNDLE_IDENTIFIER = gg.GrxOperationQueue;
				PRODUCT_NAME = "$(TARGET_NAME)";
				SWIFT_EMIT_LOC_STRINGS = YES;
				TARGETED_DEVICE_FAMILY = "1,2";
			};
			name = Debug;
		};
		21EE5BF627E1B7C3006DEFE9 /* Release */ = {
			isa = XCBuildConfiguration;
			buildSettings = {
				ASSETCATALOG_COMPILER_APPICON_NAME = AppIcon;
				ASSETCATALOG_COMPILER_GLOBAL_ACCENT_COLOR_NAME = AccentColor;
				CODE_SIGN_STYLE = Automatic;
				CURRENT_PROJECT_VERSION = 1;
				GENERATE_INFOPLIST_FILE = YES;
				INFOPLIST_FILE = GrxOperationQueue/Info.plist;
				INFOPLIST_KEY_UIApplicationSupportsIndirectInputEvents = YES;
				INFOPLIST_KEY_UILaunchStoryboardName = LaunchScreen;
				INFOPLIST_KEY_UIMainStoryboardFile = Main;
				INFOPLIST_KEY_UISupportedInterfaceOrientations_iPad = "UIInterfaceOrientationPortrait UIInterfaceOrientationPortraitUpsideDown UIInterfaceOrientationLandscapeLeft UIInterfaceOrientationLandscapeRight";
				INFOPLIST_KEY_UISupportedInterfaceOrientations_iPhone = "UIInterfaceOrientationPortrait UIInterfaceOrientationLandscapeLeft UIInterfaceOrientationLandscapeRight";
				LD_RUNPATH_SEARCH_PATHS = (
					"$(inherited)",
					"@executable_path/Frameworks",
				);
				MARKETING_VERSION = 1.0;
				PRODUCT_BUNDLE_IDENTIFIER = gg.GrxOperationQueue;
				PRODUCT_NAME = "$(TARGET_NAME)";
				SWIFT_EMIT_LOC_STRINGS = YES;
				TARGETED_DEVICE_FAMILY = "1,2";
			};
			name = Release;
		};
/* End XCBuildConfiguration section */

/* Begin XCConfigurationList section */
		21EE5BD627E1B7C2006DEFE9 /* Build configuration list for PBXProject "GrxOperationQueue" */ = {
			isa = XCConfigurationList;
			buildConfigurations = (
				21EE5BF227E1B7C3006DEFE9 /* Debug */,
				21EE5BF327E1B7C3006DEFE9 /* Release */,
			);
			defaultConfigurationIsVisible = 0;
			defaultConfigurationName = Release;
		};
		21EE5BF427E1B7C3006DEFE9 /* Build configuration list for PBXNativeTarget "GrxOperationQueue" */ = {
			isa = XCConfigurationList;
			buildConfigurations = (
				21EE5BF527E1B7C3006DEFE9 /* Debug */,
				21EE5BF627E1B7C3006DEFE9 /* Release */,
			);
			defaultConfigurationIsVisible = 0;
			defaultConfigurationName = Release;
		};
/* End XCConfigurationList section */
	};
	rootObject = 21EE5BD327E1B7C2006DEFE9 /* Project object */;
}
